
Microsoft Visual Studio Solution File, Format Version 12.00
# Visual Studio Version 16
VisualStudioVersion = 16.0.32228.343
MinimumVisualStudioVersion = 10.0.40219.1
Project("{FAE04EC0-301F-11D3-BF4B-00C04F79EFBC}") = "Kurs_ASP.NET_Laboration1", "Kurs_ASP.NET_Laboration1\Kurs_ASP.NET_Laboration1.csproj", "{FE481CB4-E381-4339-A71E-517906137E1E}"
EndProject
Global
	GlobalSection(SolutionConfigurationPlatforms) = preSolution
		Debug|Any CPU = Debug|Any CPU
		Release|Any CPU = Release|Any CPU
	EndGlobalSection
	GlobalSection(ProjectConfigurationPlatforms) = postSolution
		{FE481CB4-E381-4339-A71E-517906137E1E}.Debug|Any CPU.ActiveCfg = Debug|Any CPU
		{FE481CB4-E381-4339-A71E-517906137E1E}.Debug|Any CPU.Build.0 = Debug|Any CPU
		{FE481CB4-E381-4339-A71E-517906137E1E}.Release|Any CPU.ActiveCfg = Release|Any CPU
		{FE481CB4-E381-4339-A71E-517906137E1E}.Release|Any CPU.Build.0 = Release|Any CPU
	EndGlobalSection
	GlobalSection(SolutionProperties) = preSolution
		HideSolutionNode = FALSE
	EndGlobalSection
	GlobalSection(ExtensibilityGlobals) = postSolution
		SolutionGuid = {457E7F82-2C5E-4271-A3D6-F9BCE127DB78}
	EndGlobalSection
EndGlobal
